
Microsoft Visual Studio Solution File, Format Version 12.00
# Visual Studio 15
VisualStudioVersion = 15.0.28307.2092
MinimumVisualStudioVersion = 10.0.40219.1
Project("{FAE04EC0-301F-11D3-BF4B-00C04F79EFBC}") = "EntityFrameworkDemo", "EntityFrameworkDemo\EntityFrameworkDemo.csproj", "{74D53B53-8F59-4CEC-925F-2DB5A169D8C6}"
EndProject
Global
	GlobalSection(SolutionConfigurationPlatforms) = preSolution
		Debug|Any CPU = Debug|Any CPU
		Release|Any CPU = Release|Any CPU
	EndGlobalSection
	GlobalSection(ProjectConfigurationPlatforms) = postSolution
		{74D53B53-8F59-4CEC-925F-2DB5A169D8C6}.Debug|Any CPU.ActiveCfg = Debug|Any CPU
		{74D53B53-8F59-4CEC-925F-2DB5A169D8C6}.Debug|Any CPU.Build.0 = Debug|Any CPU
		{74D53B53-8F59-4CEC-925F-2DB5A169D8C6}.Release|Any CPU.ActiveCfg = Release|Any CPU
		{74D53B53-8F59-4CEC-925F-2DB5A169D8C6}.Release|Any CPU.Build.0 = Release|Any CPU
	EndGlobalSection
	GlobalSection(SolutionProperties) = preSolution
		HideSolutionNode = FALSE
	EndGlobalSection
	GlobalSection(ExtensibilityGlobals) = postSolution
		SolutionGuid = {B41483BA-5609-4AE1-BC1A-F90D8101B97C}
	EndGlobalSection
EndGlobal
